# THIS IS AN AUTOGENERATED FILE. DO NOT EDIT THIS FILE DIRECTLY.
# yarn lockfile v1


create-next-app@^12.1.5:
  version "12.1.5"
  resolved "https://registry.yarnpkg.com/create-next-app/-/create-next-app-12.1.5.tgz#07b6123d55ba291f2cd8e73d702f02124e4dd909"
  integrity sha512-ndl4JYd+oApyiQlRbtkjBSJAwk6FBgDfJeeJhWvw06ZzrmusB45PiYPiFTWU6zpaXzsTbJUKeZH4FHxmnKuaaw==
